
Microsoft Visual Studio Solution File, Format Version 12.00
# Visual Studio Version 16
VisualStudioVersion = 16.0.30309.148
MinimumVisualStudioVersion = 10.0.40219.1
Project("{FAE04EC0-301F-11D3-BF4B-00C04F79EFBC}") = "AngularAPI", "AngularAPI\AngularAPI.csproj", "{A3DF29A7-6572-4B44-A2D9-4F0789C17E5F}"
EndProject
Global
	GlobalSection(SolutionConfigurationPlatforms) = preSolution
		Debug|Any CPU = Debug|Any CPU
		Release|Any CPU = Release|Any CPU
	EndGlobalSection
	GlobalSection(ProjectConfigurationPlatforms) = postSolution
		{A3DF29A7-6572-4B44-A2D9-4F0789C17E5F}.Debug|Any CPU.ActiveCfg = Debug|Any CPU
		{A3DF29A7-6572-4B44-A2D9-4F0789C17E5F}.Debug|Any CPU.Build.0 = Debug|Any CPU
		{A3DF29A7-6572-4B44-A2D9-4F0789C17E5F}.Release|Any CPU.ActiveCfg = Release|Any CPU
		{A3DF29A7-6572-4B44-A2D9-4F0789C17E5F}.Release|Any CPU.Build.0 = Release|Any CPU
	EndGlobalSection
	GlobalSection(SolutionProperties) = preSolution
		HideSolutionNode = FALSE
	EndGlobalSection
	GlobalSection(ExtensibilityGlobals) = postSolution
		SolutionGuid = {F0946482-A673-472D-BFCD-E0AD54FF7B9F}
	EndGlobalSection
EndGlobal
